hash: e72b026d8461796dc610fe4bdc6de63532a15cdc6de3789433d8ee6ed440a9d2
imports:
- name: gopkg.in/check.v1
  version: 11d3bc7aa68e238947792f30573146a3231fc0f1
- name: github.com/bitly/go-simplejson
  version: aabad6e819789e569bd6aabf444c935aa9ba1e44
- name: github.com/feyeleanor/slices
  version: bb44bb2e4817fe71ba7082d351fd582e7d40e3ea
- name: github.com/feyeleanor/sets
  version: 6c54cb57ea406ff6354256a4847e37298194478f
- name: github.com/feyeleanor/raw
  version: 724aedf6e1a5d8971aafec384b6bde3d5608fba4
- name: github.com/cbroglie/mapstructure
  version: 281073eb9eb092240d33ef253c404f1cca550309
updated: '2018-06-08T11:20:28.156488+00:00'
